
Microsoft Visual Studio Solution File, Format Version 12.00
Project("{2150E333-8FDC-42A3-9474-1A3956D46DE8}") = "Auth", "Auth", "{169A3520-EE8B-4E30-87A0-6A9A480AAF43}"
EndProject
Project("{2150E333-8FDC-42A3-9474-1A3956D46DE8}") = "Products", "Products", "{359C6A63-68E9-40F5-B49B-ABD503E3EC9C}"
EndProject
Project("{2150E333-8FDC-42A3-9474-1A3956D46DE8}") = "ServiceOrder", "ServiceOrder", "{D77D5F21-CC60-499C-80CE-B7609F100810}"
EndProject
Project("{2150E333-8FDC-42A3-9474-1A3956D46DE8}") = "Core", "Core", "{E1BEE8F7-7DF1-4D4F-97F0-810E7F3E5A59}"
EndProject
Project("{2150E333-8FDC-42A3-9474-1A3956D46DE8}") = "Crosscutting", "Crosscutting", "{2DB50301-C902-431D-A52F-1C900C69F472}"
EndProject
Project("{2150E333-8FDC-42A3-9474-1A3956D46DE8}") = "Adapters", "Adapters", "{FC049F78-6F8A-4B65-A643-24BA13D36DFE}"
EndProject
Project("{2150E333-8FDC-42A3-9474-1A3956D46DE8}") = "Driven", "Driven", "{B15CB7D7-A5A7-4BD8-8FA9-23FD72850826}"
EndProject
Project("{2150E333-8FDC-42A3-9474-1A3956D46DE8}") = "Drivers", "Drivers", "{DA0F7973-5E3A-404F-933F-EF831714BFEF}"
EndProject
Project("{2150E333-8FDC-42A3-9474-1A3956D46DE8}") = "Application", "Application", "{20BCBE3C-601D-4C86-B19E-A9676889FC50}"
EndProject
Project("{2150E333-8FDC-42A3-9474-1A3956D46DE8}") = "Domain", "Domain", "{251A0483-BD57-4C33-90F2-9730FF1C1900}"
EndProject
Project("{2150E333-8FDC-42A3-9474-1A3956D46DE8}") = "WebApi", "WebApi", "{76F2B3AB-64E9-41F2-ADFC-A0573EB2CD42}"
EndProject
Project("{2150E333-8FDC-42A3-9474-1A3956D46DE8}") = "Infrastructure", "Infrastructure", "{071C44F3-AAB1-46C4-BF00-F822BF29EF74}"
EndProject
Project("{FAE04EC0-301F-11D3-BF4B-00C04F79EFBC}") = "Auth.Domain", "src\Auth\Auth.Domain\Auth.Domain.csproj", "{BE800269-2717-40C2-9CE9-386518B2CDEB}"
EndProject
Project("{FAE04EC0-301F-11D3-BF4B-00C04F79EFBC}") = "Auth.Application", "src\Auth\Auth.Application\Auth.Application.csproj", "{88908617-4B51-4C7D-80D8-9D5CB484B428}"
EndProject
Project("{FAE04EC0-301F-11D3-BF4B-00C04F79EFBC}") = "Auth.ORM", "src\Auth\Auth.ORM\Auth.ORM.csproj", "{73401C7D-A907-46A3-AB2A-E9695F2867AD}"
EndProject
Project("{FAE04EC0-301F-11D3-BF4B-00C04F79EFBC}") = "Auth.WebApi", "src\Auth\Auth.WebApi\Auth.WebApi.csproj", "{C02AC386-CF20-4B31-8F55-DC0FCCBCFA48}"
EndProject
Project("{FAE04EC0-301F-11D3-BF4B-00C04F79EFBC}") = "Auth.IoC", "src\Auth\Auth.IoC\Auth.IoC.csproj", "{9A55B025-1306-4F94-AFF8-655E6D453D04}"
EndProject
Project("{2150E333-8FDC-42A3-9474-1A3956D46DE8}") = "Common", "Common", "{02E5E4DE-CDA5-4CF6-A6CF-9CA5745458B6}"
EndProject
Project("{FAE04EC0-301F-11D3-BF4B-00C04F79EFBC}") = "ProductManagement.Common", "src\Common\ProductManagement.Common\ProductManagement.Common.csproj", "{EB60E46E-8D0D-48E0-BABF-904972F4C78A}"
EndProject
Project("{FAE04EC0-301F-11D3-BF4B-00C04F79EFBC}") = "Auth.Jwt", "src\Auth\Auth.Jwt\Auth.Jwt.csproj", "{31D9732D-8853-4D3F-A7F4-514253ACF829}"
EndProject
Global
	GlobalSection(SolutionConfigurationPlatforms) = preSolution
		Debug|Any CPU = Debug|Any CPU
		Release|Any CPU = Release|Any CPU
	EndGlobalSection
	GlobalSection(NestedProjects) = preSolution
		{E1BEE8F7-7DF1-4D4F-97F0-810E7F3E5A59} = {169A3520-EE8B-4E30-87A0-6A9A480AAF43}
		{2DB50301-C902-431D-A52F-1C900C69F472} = {169A3520-EE8B-4E30-87A0-6A9A480AAF43}
		{FC049F78-6F8A-4B65-A643-24BA13D36DFE} = {169A3520-EE8B-4E30-87A0-6A9A480AAF43}
		{B15CB7D7-A5A7-4BD8-8FA9-23FD72850826} = {FC049F78-6F8A-4B65-A643-24BA13D36DFE}
		{DA0F7973-5E3A-404F-933F-EF831714BFEF} = {FC049F78-6F8A-4B65-A643-24BA13D36DFE}
		{20BCBE3C-601D-4C86-B19E-A9676889FC50} = {E1BEE8F7-7DF1-4D4F-97F0-810E7F3E5A59}
		{251A0483-BD57-4C33-90F2-9730FF1C1900} = {E1BEE8F7-7DF1-4D4F-97F0-810E7F3E5A59}
		{76F2B3AB-64E9-41F2-ADFC-A0573EB2CD42} = {DA0F7973-5E3A-404F-933F-EF831714BFEF}
		{071C44F3-AAB1-46C4-BF00-F822BF29EF74} = {B15CB7D7-A5A7-4BD8-8FA9-23FD72850826}
		{BE800269-2717-40C2-9CE9-386518B2CDEB} = {251A0483-BD57-4C33-90F2-9730FF1C1900}
		{88908617-4B51-4C7D-80D8-9D5CB484B428} = {20BCBE3C-601D-4C86-B19E-A9676889FC50}
		{73401C7D-A907-46A3-AB2A-E9695F2867AD} = {071C44F3-AAB1-46C4-BF00-F822BF29EF74}
		{C02AC386-CF20-4B31-8F55-DC0FCCBCFA48} = {76F2B3AB-64E9-41F2-ADFC-A0573EB2CD42}
		{9A55B025-1306-4F94-AFF8-655E6D453D04} = {2DB50301-C902-431D-A52F-1C900C69F472}
		{EB60E46E-8D0D-48E0-BABF-904972F4C78A} = {02E5E4DE-CDA5-4CF6-A6CF-9CA5745458B6}
		{31D9732D-8853-4D3F-A7F4-514253ACF829} = {2DB50301-C902-431D-A52F-1C900C69F472}
	EndGlobalSection
	GlobalSection(ProjectConfigurationPlatforms) = postSolution
		{BE800269-2717-40C2-9CE9-386518B2CDEB}.Debug|Any CPU.ActiveCfg = Debug|Any CPU
		{BE800269-2717-40C2-9CE9-386518B2CDEB}.Debug|Any CPU.Build.0 = Debug|Any CPU
		{BE800269-2717-40C2-9CE9-386518B2CDEB}.Release|Any CPU.ActiveCfg = Release|Any CPU
		{BE800269-2717-40C2-9CE9-386518B2CDEB}.Release|Any CPU.Build.0 = Release|Any CPU
		{88908617-4B51-4C7D-80D8-9D5CB484B428}.Debug|Any CPU.ActiveCfg = Debug|Any CPU
		{88908617-4B51-4C7D-80D8-9D5CB484B428}.Debug|Any CPU.Build.0 = Debug|Any CPU
		{88908617-4B51-4C7D-80D8-9D5CB484B428}.Release|Any CPU.ActiveCfg = Release|Any CPU
		{88908617-4B51-4C7D-80D8-9D5CB484B428}.Release|Any CPU.Build.0 = Release|Any CPU
		{73401C7D-A907-46A3-AB2A-E9695F2867AD}.Debug|Any CPU.ActiveCfg = Debug|Any CPU
		{73401C7D-A907-46A3-AB2A-E9695F2867AD}.Debug|Any CPU.Build.0 = Debug|Any CPU
		{73401C7D-A907-46A3-AB2A-E9695F2867AD}.Release|Any CPU.ActiveCfg = Release|Any CPU
		{73401C7D-A907-46A3-AB2A-E9695F2867AD}.Release|Any CPU.Build.0 = Release|Any CPU
		{C02AC386-CF20-4B31-8F55-DC0FCCBCFA48}.Debug|Any CPU.ActiveCfg = Debug|Any CPU
		{C02AC386-CF20-4B31-8F55-DC0FCCBCFA48}.Debug|Any CPU.Build.0 = Debug|Any CPU
		{C02AC386-CF20-4B31-8F55-DC0FCCBCFA48}.Release|Any CPU.ActiveCfg = Release|Any CPU
		{C02AC386-CF20-4B31-8F55-DC0FCCBCFA48}.Release|Any CPU.Build.0 = Release|Any CPU
		{9A55B025-1306-4F94-AFF8-655E6D453D04}.Debug|Any CPU.ActiveCfg = Debug|Any CPU
		{9A55B025-1306-4F94-AFF8-655E6D453D04}.Debug|Any CPU.Build.0 = Debug|Any CPU
		{9A55B025-1306-4F94-AFF8-655E6D453D04}.Release|Any CPU.ActiveCfg = Release|Any CPU
		{9A55B025-1306-4F94-AFF8-655E6D453D04}.Release|Any CPU.Build.0 = Release|Any CPU
		{EB60E46E-8D0D-48E0-BABF-904972F4C78A}.Debug|Any CPU.ActiveCfg = Debug|Any CPU
		{EB60E46E-8D0D-48E0-BABF-904972F4C78A}.Debug|Any CPU.Build.0 = Debug|Any CPU
		{EB60E46E-8D0D-48E0-BABF-904972F4C78A}.Release|Any CPU.ActiveCfg = Release|Any CPU
		{EB60E46E-8D0D-48E0-BABF-904972F4C78A}.Release|Any CPU.Build.0 = Release|Any CPU
		{31D9732D-8853-4D3F-A7F4-514253ACF829}.Debug|Any CPU.ActiveCfg = Debug|Any CPU
		{31D9732D-8853-4D3F-A7F4-514253ACF829}.Debug|Any CPU.Build.0 = Debug|Any CPU
		{31D9732D-8853-4D3F-A7F4-514253ACF829}.Release|Any CPU.ActiveCfg = Release|Any CPU
		{31D9732D-8853-4D3F-A7F4-514253ACF829}.Release|Any CPU.Build.0 = Release|Any CPU
	EndGlobalSection
EndGlobal
